
Microsoft Visual Studio Solution File, Format Version 12.00
# Visual Studio 2012
Project("{FAE04EC0-301F-11D3-BF4B-00C04F79EFBC}") = "tests", "tests\tests.csproj", "{2F2186A6-0DB7-4F1B-A37B-4D3AA9B51D74}"
EndProject
Global
	GlobalSection(SolutionConfigurationPlatforms) = preSolution
		Debug|Any CPU = Debug|Any CPU
		Release|Any CPU = Release|Any CPU
	EndGlobalSection
	GlobalSection(ProjectConfigurationPlatforms) = postSolution
		{2F2186A6-0DB7-4F1B-A37B-4D3AA9B51D74}.Debug|Any CPU.ActiveCfg = Debug|Any CPU
		{2F2186A6-0DB7-4F1B-A37B-4D3AA9B51D74}.Debug|Any CPU.Build.0 = Debug|Any CPU
		{2F2186A6-0DB7-4F1B-A37B-4D3AA9B51D74}.Release|Any CPU.ActiveCfg = Release|Any CPU
		{2F2186A6-0DB7-4F1B-A37B-4D3AA9B51D74}.Release|Any CPU.Build.0 = Release|Any CPU
	EndGlobalSection
EndGlobal
